// !$*UTF8*$!
{
	archiveVersion = 1;
	classes = {
	};
	objectVersion = 46;
	objects = {

/* Begin PBXBuildFile section */
		0F3EC34E18EE8EEC00BA2324 /* Foundation.framework in Frameworks */ = {isa = PBXBuildFile; fileRef = 0F3EC34D18EE8EEC00BA2324 /* Foundation.framework */; };
		0F3EC35018EE8EEC00BA2324 /* CoreGraphics.framework in Frameworks */ = {isa = PBXBuildFile; fileRef = 0F3EC34F18EE8EEC00BA2324 /* CoreGraphics.framework */; };
		0F3EC35218EE8EEC00BA2324 /* UIKit.framework in Frameworks */ = {isa = PBXBuildFile; fileRef = 0F3EC35118EE8EEC00BA2324 /* UIKit.framework */; };
		0F3EC35818EE8EEC00BA2324 /* InfoPlist.strings in Resources */ = {isa = PBXBuildFile; fileRef = 0F3EC35618EE8EEC00BA2324 /* InfoPlist.strings */; };
		0F3EC35A18EE8EEC00BA2324 /* main.m in Sources */ = {isa = PBXBuildFile; fileRef = 0F3EC35918EE8EEC00BA2324 /* main.m */; };
		0F3EC35E18EE8EEC00BA2324 /* AppDelegate.m in Sources */ = {isa = PBXBuildFile; fileRef = 0F3EC35D18EE8EEC00BA2324 /* AppDelegate.m */; };
		0F3EC36018EE8EEC00BA2324 /* Images.xcassets in Resources */ = {isa = PBXBuildFile; fileRef = 0F3EC35F18EE8EEC00BA2324 /* Images.xcassets */; };
		0F3EC36718EE8EED00BA2324 /* XCTest.framework in Frameworks */ = {isa = PBXBuildFile; fileRef = 0F3EC36618EE8EED00BA2324 /* XCTest.framework */; };
		0F3EC36818EE8EED00BA2324 /* Foundation.framework in Frameworks */ = {isa = PBXBuildFile; fileRef = 0F3EC34D18EE8EEC00BA2324 /* Foundation.framework */; };
		0F3EC36918EE8EED00BA2324 /* UIKit.framework in Frameworks */ = {isa = PBXBuildFile; fileRef = 0F3EC35118EE8EEC00BA2324 /* UIKit.framework */; };
		0F3EC37118EE8EED00BA2324 /* InfoPlist.strings in Resources */ = {isa = PBXBuildFile; fileRef = 0F3EC36F18EE8EED00BA2324 /* InfoPlist.strings */; };
		0F3EC37318EE8EED00BA2324 /* GitDemoTests.m in Sources */ = {isa = PBXBuildFile; fileRef = 0F3EC37218EE8EED00BA2324 /* GitDemoTests.m */; };
/* End PBXBuildFile section */

/* Begin PBXContainerItemProxy section */
		0F3EC36A18EE8EED00BA2324 /* PBXContainerItemProxy */ = {
			isa = PBXContainerItemProxy;
			containerPortal = 0F3EC34218EE8EEC00BA2324 /* Project object */;
			proxyType = 1;
			remoteGlobalIDString = 0F3EC34918EE8EEC00BA2324;
			remoteInfo = GitDemo;
		};
/* End PBXContainerItemProxy section */

/* Begin PBXFileReference section */
		0F3EC34A18EE8EEC00BA2324 /* GitDemo.app */ = {isa = PBXFileReference; explicitFileType = wrapper.application; includeInIndex = 0; path = GitDemo.app; sourceTree = BUILT_PRODUCTS_DIR; };
		0F3EC34D18EE8EEC00BA2324 /* Foundation.framework */ = {isa = PBXFileReference; lastKnownFileType = wrapper.framework; name = Foundation.framework; path = System/Library/Frameworks/Foundation.framework; sourceTree = SDKROOT; };
		0F3EC34F18EE8EEC00BA2324 /* CoreGraphics.framework */ = {isa = PBXFileReference; lastKnownFileType = wrapper.framework; name = CoreGraphics.framework; path = System/Library/Frameworks/CoreGraphics.framework; sourceTree = SDKROOT; };
		0F3EC35118EE8EEC00BA2324 /* UIKit.framework */ = {isa = PBXFileReference; lastKnownFileType = wrapper.framework; name = UIKit.framework; path = System/Library/Frameworks/UIKit.framework; sourceTree = SDKROOT; };
		0F3EC35518EE8EEC00BA2324 /* GitDemo-Info.plist */ = {isa = PBXFileReference; lastKnownFileType = text.plist.xml; path = "GitDemo-Info.plist"; sourceTree = "<group>"; };
		0F3EC35718EE8EEC00BA2324 /* en */ = {isa = PBXFileReference; lastKnownFileType = text.plist.strings; name = en; path = en.lproj/InfoPlist.strings; sourceTree = "<group>"; };
		0F3EC35918EE8EEC00BA2324 /* main.m */ = {isa = PBXFileReference; lastKnownFileType = sourcecode.c.objc; path = main.m; sourceTree = "<group>"; };
		0F3EC35B18EE8EEC00BA2324 /* GitDemo-Prefix.pch */ = {isa = PBXFileReference; lastKnownFileType = sourcecode.c.h; path = "GitDemo-Prefix.pch"; sourceTree = "<group>"; };
		0F3EC35C18EE8EEC00BA2324 /* AppDelegate.h */ = {isa = PBXFileReference; lastKnownFileType = sourcecode.c.h; path = AppDelegate.h; sourceTree = "<group>"; };
		0F3EC35D18EE8EEC00BA2324 /* AppDelegate.m */ = {isa = PBXFileReference; lastKnownFileType = sourcecode.c.objc; path = AppDelegate.m; sourceTree = "<group>"; };
		0F3EC35F18EE8EEC00BA2324 /* Images.xcassets */ = {isa = PBXFileReference; lastKnownFileType = folder.assetcatalog; path = Images.xcassets; sourceTree = "<group>"; };
		0F3EC36518EE8EED00BA2324 /* GitDemoTests.xctest */ = {isa = PBXFileReference; explicitFileType = wrapper.cfbundle; includeInIndex = 0; path = GitDemoTests.xctest; sourceTree = BUILT_PRODUCTS_DIR; };
		0F3EC36618EE8EED00BA2324 /* XCTest.framework */ = {isa = PBXFileReference; lastKnownFileType = wrapper.framework; name = XCTest.framework; path = Library/Frameworks/XCTest.framework; sourceTree = DEVELOPER_DIR; };
		0F3EC36E18EE8EED00BA2324 /* GitDemoTests-Info.plist */ = {isa = PBXFileReference; lastKnownFileType = text.plist.xml; path = "GitDemoTests-Info.plist"; sourceTree = "<group>"; };
		0F3EC37018EE8EED00BA2324 /* en */ = {isa = PBXFileReference; lastKnownFileType = text.plist.strings; name = en; path = en.lproj/InfoPlist.strings; sourceTree = "<group>"; };
		0F3EC37218EE8EED00BA2324 /* GitDemoTests.m */ = {isa = PBXFileReference; lastKnownFileType = sourcecode.c.objc; path = GitDemoTests.m; sourceTree = "<group>"; };
/* End PBXFileReference section */

/* Begin PBXFrameworksBuildPhase section */
		0F3EC34718EE8EEC00BA2324 /* Frameworks */ = {
			isa = PBXFrameworksBuildPhase;
			buildActionMask = 2147483647;
			files = (
				0F3EC35018EE8EEC00BA2324 /* CoreGraphics.framework in Frameworks */,
				0F3EC35218EE8EEC00BA2324 /* UIKit.framework in Frameworks */,
				0F3EC34E18EE8EEC00BA2324 /* Foundation.framework in Frameworks */,
			);
			runOnlyForDeploymentPostprocessing = 0;
		};
		0F3EC36218EE8EED00BA2324 /* Frameworks */ = {
			isa = PBXFrameworksBuildPhase;
			buildActionMask = 2147483647;
			files = (
				0F3EC36718EE8EED00BA2324 /* XCTest.framework in Frameworks */,
				0F3EC36918EE8EED00BA2324 /* UIKit.framework in Frameworks */,
				0F3EC36818EE8EED00BA2324 /* Foundation.framework in Frameworks */,
			);
			runOnlyForDeploymentPostprocessing = 0;
		};
/* End PBXFrameworksBuildPhase section */

/* Begin PBXGroup section */
		0F3EC34118EE8EEC00BA2324 = {
			isa = PBXGroup;
			children = (
				0F3EC35318EE8EEC00BA2324 /* GitDemo */,
				0F3EC36C18EE8EED00BA2324 /* GitDemoTests */,
				0F3EC34C18EE8EEC00BA2324 /* Frameworks */,
				0F3EC34B18EE8EEC00BA2324 /* Products */,
			);
			sourceTree = "<group>";
		};
		0F3EC34B18EE8EEC00BA2324 /* Products */ = {
			isa = PBXGroup;
			children = (
				0F3EC34A18EE8EEC00BA2324 /* GitDemo.app */,
				0F3EC36518EE8EED00BA2324 /* GitDemoTests.xctest */,
			);
			name = Products;
			sourceTree = "<group>";
		};
		0F3EC34C18EE8EEC00BA2324 /* Frameworks */ = {
			isa = PBXGroup;
			children = (
				0F3EC34D18EE8EEC00BA2324 /* Foundation.framework */,
				0F3EC34F18EE8EEC00BA2324 /* CoreGraphics.framework */,
				0F3EC35118EE8EEC00BA2324 /* UIKit.framework */,
				0F3EC36618EE8EED00BA2324 /* XCTest.framework */,
			);
			name = Frameworks;
			sourceTree = "<group>";
		};
		0F3EC35318EE8EEC00BA2324 /* GitDemo */ = {
			isa = PBXGroup;
			children = (
				0F3EC35C18EE8EEC00BA2324 /* AppDelegate.h */,
				0F3EC35D18EE8EEC00BA2324 /* AppDelegate.m */,
				0F3EC35F18EE8EEC00BA2324 /* Images.xcassets */,
				0F3EC35418EE8EEC00BA2324 /* Supporting Files */,
			);
			path = GitDemo;
			sourceTree = "<group>";
		};
		0F3EC35418EE8EEC00BA2324 /* Supporting Files */ = {
			isa = PBXGroup;
			children = (
				0F3EC35518EE8EEC00BA2324 /* GitDemo-Info.plist */,
				0F3EC35618EE8EEC00BA2324 /* InfoPlist.strings */,
				0F3EC35918EE8EEC00BA2324 /* main.m */,
				0F3EC35B18EE8EEC00BA2324 /* GitDemo-Prefix.pch */,
			);
			name = "Supporting Files";
			sourceTree = "<group>";
		};
		0F3EC36C18EE8EED00BA2324 /* GitDemoTests */ = {
			isa = PBXGroup;
			children = (
				0F3EC37218EE8EED00BA2324 /* GitDemoTests.m */,
				0F3EC36D18EE8EED00BA2324 /* Supporting Files */,
			);
			path = GitDemoTests;
			sourceTree = "<group>";
		};
		0F3EC36D18EE8EED00BA2324 /* Supporting Files */ = {
			isa = PBXGroup;
			children = (
				0F3EC36E18EE8EED00BA2324 /* GitDemoTests-Info.plist */,
				0F3EC36F18EE8EED00BA2324 /* InfoPlist.strings */,
			);
			name = "Supporting Files";
			sourceTree = "<group>";
		};
/* End PBXGroup section */

/* Begin PBXNativeTarget section */
		0F3EC34918EE8EEC00BA2324 /* GitDemo */ = {
			isa = PBXNativeTarget;
			buildConfigurationList = 0F3EC37618EE8EED00BA2324 /* Build configuration list for PBXNativeTarget "GitDemo" */;
			buildPhases = (
				0F3EC34618EE8EEC00BA2324 /* Sources */,
				0F3EC34718EE8EEC00BA2324 /* Frameworks */,
				0F3EC34818EE8EEC00BA2324 /* Resources */,
			);
			buildRules = (
			);
			dependencies = (
			);
			name = GitDemo;
			productName = GitDemo;
			productReference = 0F3EC34A18EE8EEC00BA2324 /* GitDemo.app */;
			productType = "com.apple.product-type.application";
		};
		0F3EC36418EE8EED00BA2324 /* GitDemoTests */ = {
			isa = PBXNativeTarget;
			buildConfigurationList = 0F3EC37918EE8EED00BA2324 /* Build configuration list for PBXNativeTarget "GitDemoTests" */;
			buildPhases = (
				0F3EC36118EE8EED00BA2324 /* Sources */,
				0F3EC36218EE8EED00BA2324 /* Frameworks */,
				0F3EC36318EE8EED00BA2324 /* Resources */,
			);
			buildRules = (
			);
			dependencies = (
				0F3EC36B18EE8EED00BA2324 /* PBXTargetDependency */,
			);
			name = GitDemoTests;
			productName = GitDemoTests;
			productReference = 0F3EC36518EE8EED00BA2324 /* GitDemoTests.xctest */;
			productType = "com.apple.product-type.bundle.unit-test";
		};
/* End PBXNativeTarget section */

/* Begin PBXProject section */
		0F3EC34218EE8EEC00BA2324 /* Project object */ = {
			isa = PBXProject;
			attributes = {
				LastUpgradeCheck = 0500;
				ORGANIZATIONNAME = Ibokan;
				TargetAttributes = {
					0F3EC36418EE8EED00BA2324 = {
						TestTargetID = 0F3EC34918EE8EEC00BA2324;
					};
				};
			};
			buildConfigurationList = 0F3EC34518EE8EEC00BA2324 /* Build configuration list for PBXProject "GitDemo" */;
			compatibilityVersion = "Xcode 3.2";
			developmentRegion = English;
			hasScannedForEncodings = 0;
			knownRegions = (
				en,
			);
			mainGroup = 0F3EC34118EE8EEC00BA2324;
			productRefGroup = 0F3EC34B18EE8EEC00BA2324 /* Products */;
			projectDirPath = "";
			projectRoot = "";
			targets = (
				0F3EC34918EE8EEC00BA2324 /* GitDemo */,
				0F3EC36418EE8EED00BA2324 /* GitDemoTests */,
			);
		};
/* End PBXProject section */

/* Begin PBXResourcesBuildPhase section */
		0F3EC34818EE8EEC00BA2324 /* Resources */ = {
			isa = PBXResourcesBuildPhase;
			buildActionMask = 2147483647;
			files = (
				0F3EC35818EE8EEC00BA2324 /* InfoPlist.strings in Resources */,
				0F3EC36018EE8EEC00BA2324 /* Images.xcassets in Resources */,
			);
			runOnlyForDeploymentPostprocessing = 0;
		};
		0F3EC36318EE8EED00BA2324 /* Resources */ = {
			isa = PBXResourcesBuildPhase;
			buildActionMask = 2147483647;
			files = (
				0F3EC37118EE8EED00BA2324 /* InfoPlist.strings in Resources */,
			);
			runOnlyForDeploymentPostprocessing = 0;
		};
/* End PBXResourcesBuildPhase section */

/* Begin PBXSourcesBuildPhase section */
		0F3EC34618EE8EEC00BA2324 /* Sources */ = {
			isa = PBXSourcesBuildPhase;
			buildActionMask = 2147483647;
			files = (
				0F3EC35E18EE8EEC00BA2324 /* AppDelegate.m in Sources */,
				0F3EC35A18EE8EEC00BA2324 /* main.m in Sources */,
			);
			runOnlyForDeploymentPostprocessing = 0;
		};
		0F3EC36118EE8EED00BA2324 /* Sources */ = {
			isa = PBXSourcesBuildPhase;
			buildActionMask = 2147483647;
			files = (
				0F3EC37318EE8EED00BA2324 /* GitDemoTests.m in Sources */,
			);
			runOnlyForDeploymentPostprocessing = 0;
		};
/* End PBXSourcesBuildPhase section */

/* Begin PBXTargetDependency section */
		0F3EC36B18EE8EED00BA2324 /* PBXTargetDependency */ = {
			isa = PBXTargetDependency;
			target = 0F3EC34918EE8EEC00BA2324 /* GitDemo */;
			targetProxy = 0F3EC36A18EE8EED00BA2324 /* PBXContainerItemProxy */;
		};
/* End PBXTargetDependency section */

/* Begin PBXVariantGroup section */
		0F3EC35618EE8EEC00BA2324 /* InfoPlist.strings */ = {
			isa = PBXVariantGroup;
			children = (
				0F3EC35718EE8EEC00BA2324 /* en */,
			);
			name = InfoPlist.strings;
			sourceTree = "<group>";
		};
		0F3EC36F18EE8EED00BA2324 /* InfoPlist.strings */ = {
			isa = PBXVariantGroup;
			children = (
				0F3EC37018EE8EED00BA2324 /* en */,
			);
			name = InfoPlist.strings;
			sourceTree = "<group>";
		};
/* End PBXVariantGroup section */

/* Begin XCBuildConfiguration section */
		0F3EC37418EE8EED00BA2324 /* Debug */ = {
			isa = XCBuildConfiguration;
			buildSettings = {
				ALWAYS_SEARCH_USER_PATHS = NO;
				ARCHS = "$(ARCHS_STANDARD_INCLUDING_64_BIT)";
				CLANG_CXX_LANGUAGE_STANDARD = "gnu++0x";
				CLANG_CXX_LIBRARY = "libc++";
				CLANG_ENABLE_MODULES = YES;
				CLANG_ENABLE_OBJC_ARC = YES;
				CLANG_WARN_BOOL_CONVERSION = YES;
				CLANG_WARN_CONSTANT_CONVERSION = YES;
				CLANG_WARN_DIRECT_OBJC_ISA_USAGE = YES_ERROR;
				CLANG_WARN_EMPTY_BODY = YES;
				CLANG_WARN_ENUM_CONVERSION = YES;
				CLANG_WARN_INT_CONVERSION = YES;
				CLANG_WARN_OBJC_ROOT_CLASS = YES_ERROR;
				CLANG_WARN__DUPLICATE_METHOD_MATCH = YES;
				"CODE_SIGN_IDENTITY[sdk=iphoneos*]" = "iPhone Developer";
				COPY_PHASE_STRIP = NO;
				GCC_C_LANGUAGE_STANDARD = gnu99;
				GCC_DYNAMIC_NO_PIC = NO;
				GCC_OPTIMIZATION_LEVEL = 0;
				GCC_PREPROCESSOR_DEFINITIONS = (
					"DEBUG=1",
					"$(inherited)",
				);
				GCC_SYMBOLS_PRIVATE_EXTERN = NO;
				GCC_WARN_64_TO_32_BIT_CONVERSION = YES;
				GCC_WARN_ABOUT_RETURN_TYPE = YES_ERROR;
				GCC_WARN_UNDECLARED_SELECTOR = YES;
				GCC_WARN_UNINITIALIZED_AUTOS = YES;
				GCC_WARN_UNUSED_FUNCTION = YES;
				GCC_WARN_UNUSED_VARIABLE = YES;
				IPHONEOS_DEPLOYMENT_TARGET = 7.0;
				ONLY_ACTIVE_ARCH = YES;
				SDKROOT = iphoneos;
			};
			name = Debug;
		};
		0F3EC37518EE8EED00BA2324 /* Release */ = {
			isa = XCBuildConfiguration;
			buildSettings = {
				ALWAYS_SEARCH_USER_PATHS = NO;
				ARCHS = "$(ARCHS_STANDARD_INCLUDING_64_BIT)";
				CLANG_CXX_LANGUAGE_STANDARD = "gnu++0x";
				CLANG_CXX_LIBRARY = "libc++";
				CLANG_ENABLE_MODULES = YES;
				CLANG_ENABLE_OBJC_ARC = YES;
				CLANG_WARN_BOOL_CONVERSION = YES;
				CLANG_WARN_CONSTANT_CONVERSION = YES;
				CLANG_WARN_DIRECT_OBJC_ISA_USAGE = YES_ERROR;
				CLANG_WARN_EMPTY_BODY = YES;
				CLANG_WARN_ENUM_CONVERSION = YES;
				CLANG_WARN_INT_CONVERSION = YES;
				CLANG_WARN_OBJC_ROOT_CLASS = YES_ERROR;
				CLANG_WARN__DUPLICATE_METHOD_MATCH = YES;
				"CODE_SIGN_IDENTITY[sdk=iphoneos*]" = "iPhone Developer";
				COPY_PHASE_STRIP = YES;
				ENABLE_NS_ASSERTIONS = NO;
				GCC_C_LANGUAGE_STANDARD = gnu99;
				GCC_WARN_64_TO_32_BIT_CONVERSION = YES;
				GCC_WARN_ABOUT_RETURN_TYPE = YES_ERROR;
				GCC_WARN_UNDECLARED_SELECTOR = YES;
				GCC_WARN_UNINITIALIZED_AUTOS = YES;
				GCC_WARN_UNUSED_FUNCTION = YES;
				GCC_WARN_UNUSED_VARIABLE = YES;
				IPHONEOS_DEPLOYMENT_TARGET = 7.0;
				SDKROOT = iphoneos;
				VALIDATE_PRODUCT = YES;
			};
			name = Release;
		};
		0F3EC37718EE8EED00BA2324 /* Debug */ = {
			isa = XCBuildConfiguration;
			buildSettings = {
				ASSETCATALOG_COMPILER_APPICON_NAME = AppIcon;
				ASSETCATALOG_COMPILER_LAUNCHIMAGE_NAME = LaunchImage;
				GCC_PRECOMPILE_PREFIX_HEADER = YES;
				GCC_PREFIX_HEADER = "GitDemo/GitDemo-Prefix.pch";
				INFOPLIST_FILE = "GitDemo/GitDemo-Info.plist";
				PRODUCT_NAME = "$(TARGET_NAME)";
				WRAPPER_EXTENSION = app;
			};
			name = Debug;
		};
		0F3EC37818EE8EED00BA2324 /* Release */ = {
			isa = XCBuildConfiguration;
			buildSettings = {
				ASSETCATALOG_COMPILER_APPICON_NAME = AppIcon;
				ASSETCATALOG_COMPILER_LAUNCHIMAGE_NAME = LaunchImage;
				GCC_PRECOMPILE_PREFIX_HEADER = YES;
				GCC_PREFIX_HEADER = "GitDemo/GitDemo-Prefix.pch";
				INFOPLIST_FILE = "GitDemo/GitDemo-Info.plist";
				PRODUCT_NAME = "$(TARGET_NAME)";
				WRAPPER_EXTENSION = app;
			};
			name = Release;
		};
		0F3EC37A18EE8EED00BA2324 /* Debug */ = {
			isa = XCBuildConfiguration;
			buildSettings = {
				ARCHS = "$(ARCHS_STANDARD_INCLUDING_64_BIT)";
				BUNDLE_LOADER = "$(BUILT_PRODUCTS_DIR)/GitDemo.app/GitDemo";
				FRAMEWORK_SEARCH_PATHS = (
					"$(SDKROOT)/Developer/Library/Frameworks",
					"$(inherited)",
					"$(DEVELOPER_FRAMEWORKS_DIR)",
				);
				GCC_PRECOMPILE_PREFIX_HEADER = YES;
				GCC_PREFIX_HEADER = "GitDemo/GitDemo-Prefix.pch";
				GCC_PREPROCESSOR_DEFINITIONS = (
					"DEBUG=1",
					"$(inherited)",
				);
				INFOPLIST_FILE = "GitDemoTests/GitDemoTests-Info.plist";
				PRODUCT_NAME = "$(TARGET_NAME)";
				TEST_HOST = "$(BUNDLE_LOADER)";
				WRAPPER_EXTENSION = xctest;
			};
			name = Debug;
		};
		0F3EC37B18EE8EED00BA2324 /* Release */ = {
			isa = XCBuildConfiguration;
			buildSettings = {
				ARCHS = "$(ARCHS_STANDARD_INCLUDING_64_BIT)";
				BUNDLE_LOADER = "$(BUILT_PRODUCTS_DIR)/GitDemo.app/GitDemo";
				FRAMEWORK_SEARCH_PATHS = (
					"$(SDKROOT)/Developer/Library/Frameworks",
					"$(inherited)",
					"$(DEVELOPER_FRAMEWORKS_DIR)",
				);
				GCC_PRECOMPILE_PREFIX_HEADER = YES;
				GCC_PREFIX_HEADER = "GitDemo/GitDemo-Prefix.pch";
				INFOPLIST_FILE = "GitDemoTests/GitDemoTests-Info.plist";
				PRODUCT_NAME = "$(TARGET_NAME)";
				TEST_HOST = "$(BUNDLE_LOADER)";
				WRAPPER_EXTENSION = xctest;
			};
			name = Release;
		};
/* End XCBuildConfiguration section */

/* Begin XCConfigurationList section */
		0F3EC34518EE8EEC00BA2324 /* Build configuration list for PBXProject "GitDemo" */ = {
			isa = XCConfigurationList;
			buildConfigurations = (
				0F3EC37418EE8EED00BA2324 /* Debug */,
				0F3EC37518EE8EED00BA2324 /* Release */,
			);
			defaultConfigurationIsVisible = 0;
			defaultConfigurationName = Release;
		};
		0F3EC37618EE8EED00BA2324 /* Build configuration list for PBXNativeTarget "GitDemo" */ = {
			isa = XCConfigurationList;
			buildConfigurations = (
				0F3EC37718EE8EED00BA2324 /* Debug */,
				0F3EC37818EE8EED00BA2324 /* Release */,
			);
			defaultConfigurationIsVisible = 0;
		};
		0F3EC37918EE8EED00BA2324 /* Build configuration list for PBXNativeTarget "GitDemoTests" */ = {
			isa = XCConfigurationList;
			buildConfigurations = (
				0F3EC37A18EE8EED00BA2324 /* Debug */,
				0F3EC37B18EE8EED00BA2324 /* Release */,
			);
			defaultConfigurationIsVisible = 0;
		};
/* End XCConfigurationList section */
	};
	rootObject = 0F3EC34218EE8EEC00BA2324 /* Project object */;
}
